
Microsoft Visual Studio Solution File, Format Version 12.00
# Visual Studio 2012
Project("{FAE04EC0-301F-11D3-BF4B-00C04F79EFBC}") = "BlenderFileReader", "BlenderFileReader\BlenderFileReader.csproj", "{312A7422-E654-4BBD-BC2B-931493D1AA7F}"
EndProject
Project("{FAE04EC0-301F-11D3-BF4B-00C04F79EFBC}") = "HTMLRendererDriver", "HTMLRendererDriver\HTMLRendererDriver.csproj", "{BDD59132-86B1-4E86-80C8-9A2A6238B34B}"
EndProject
Project("{FAE04EC0-301F-11D3-BF4B-00C04F79EFBC}") = "XNADriver", "XNADriver\XNADriver.csproj", "{405CC730-5D68-4BD3-8AE5-58C0D6E3EB3E}"
EndProject
Project("{FAE04EC0-301F-11D3-BF4B-00C04F79EFBC}") = "BlenderPipeline", "BlenderPipeline\BlenderPipeline.csproj", "{68F34F0B-1C5C-4CFD-8E2C-CCFB29ACA929}"
EndProject
Project("{FAE04EC0-301F-11D3-BF4B-00C04F79EFBC}") = "XNAContent", "XNAContent\XNAContent.contentproj", "{0071E8E1-B68B-4624-81EB-D5C2CDDFD149}"
EndProject
Project("{FAE04EC0-301F-11D3-BF4B-00C04F79EFBC}") = "BlenderTypes", "BlenderTypes\BlenderTypes.csproj", "{223C08DB-5E51-4D3C-A3D8-EAE0FC37E3FC}"
EndProject
Project("{FAE04EC0-301F-11D3-BF4B-00C04F79EFBC}") = "BlenderFileBrowser", "BlenderFileBrowser\BlenderFileBrowser.csproj", "{33E32467-EAB6-47F1-92F6-DAF75546CADB}"
EndProject
Global
	GlobalSection(SolutionConfigurationPlatforms) = preSolution
		Debug|Any CPU = Debug|Any CPU
		Debug|Mixed Platforms = Debug|Mixed Platforms
		Debug|x86 = Debug|x86
		Release|Any CPU = Release|Any CPU
		Release|Mixed Platforms = Release|Mixed Platforms
		Release|x86 = Release|x86
	EndGlobalSection
	GlobalSection(ProjectConfigurationPlatforms) = postSolution
		{312A7422-E654-4BBD-BC2B-931493D1AA7F}.Debug|Any CPU.ActiveCfg = Debug|x86
		{312A7422-E654-4BBD-BC2B-931493D1AA7F}.Debug|Mixed Platforms.ActiveCfg = Debug|x86
		{312A7422-E654-4BBD-BC2B-931493D1AA7F}.Debug|Mixed Platforms.Build.0 = Debug|x86
		{312A7422-E654-4BBD-BC2B-931493D1AA7F}.Debug|x86.ActiveCfg = Debug|x86
		{312A7422-E654-4BBD-BC2B-931493D1AA7F}.Debug|x86.Build.0 = Debug|x86
		{312A7422-E654-4BBD-BC2B-931493D1AA7F}.Release|Any CPU.ActiveCfg = Release|x86
		{312A7422-E654-4BBD-BC2B-931493D1AA7F}.Release|Mixed Platforms.ActiveCfg = Release|x86
		{312A7422-E654-4BBD-BC2B-931493D1AA7F}.Release|Mixed Platforms.Build.0 = Release|x86
		{312A7422-E654-4BBD-BC2B-931493D1AA7F}.Release|x86.ActiveCfg = Release|x86
		{312A7422-E654-4BBD-BC2B-931493D1AA7F}.Release|x86.Build.0 = Release|x86
		{BDD59132-86B1-4E86-80C8-9A2A6238B34B}.Debug|Any CPU.ActiveCfg = Debug|x86
		{BDD59132-86B1-4E86-80C8-9A2A6238B34B}.Debug|Mixed Platforms.ActiveCfg = Debug|x86
		{BDD59132-86B1-4E86-80C8-9A2A6238B34B}.Debug|Mixed Platforms.Build.0 = Debug|x86
		{BDD59132-86B1-4E86-80C8-9A2A6238B34B}.Debug|x86.ActiveCfg = Debug|x86
		{BDD59132-86B1-4E86-80C8-9A2A6238B34B}.Debug|x86.Build.0 = Debug|x86
		{BDD59132-86B1-4E86-80C8-9A2A6238B34B}.Release|Any CPU.ActiveCfg = Release|x86
		{BDD59132-86B1-4E86-80C8-9A2A6238B34B}.Release|Mixed Platforms.ActiveCfg = Release|x86
		{BDD59132-86B1-4E86-80C8-9A2A6238B34B}.Release|Mixed Platforms.Build.0 = Release|x86
		{BDD59132-86B1-4E86-80C8-9A2A6238B34B}.Release|x86.ActiveCfg = Release|x86
		{BDD59132-86B1-4E86-80C8-9A2A6238B34B}.Release|x86.Build.0 = Release|x86
		{405CC730-5D68-4BD3-8AE5-58C0D6E3EB3E}.Debug|Any CPU.ActiveCfg = Debug|x86
		{405CC730-5D68-4BD3-8AE5-58C0D6E3EB3E}.Debug|Mixed Platforms.ActiveCfg = Debug|x86
		{405CC730-5D68-4BD3-8AE5-58C0D6E3EB3E}.Debug|Mixed Platforms.Build.0 = Debug|x86
		{405CC730-5D68-4BD3-8AE5-58C0D6E3EB3E}.Debug|x86.ActiveCfg = Debug|x86
		{405CC730-5D68-4BD3-8AE5-58C0D6E3EB3E}.Debug|x86.Build.0 = Debug|x86
		{405CC730-5D68-4BD3-8AE5-58C0D6E3EB3E}.Release|Any CPU.ActiveCfg = Release|x86
		{405CC730-5D68-4BD3-8AE5-58C0D6E3EB3E}.Release|Mixed Platforms.ActiveCfg = Release|x86
		{405CC730-5D68-4BD3-8AE5-58C0D6E3EB3E}.Release|Mixed Platforms.Build.0 = Release|x86
		{405CC730-5D68-4BD3-8AE5-58C0D6E3EB3E}.Release|x86.ActiveCfg = Release|x86
		{405CC730-5D68-4BD3-8AE5-58C0D6E3EB3E}.Release|x86.Build.0 = Release|x86
		{68F34F0B-1C5C-4CFD-8E2C-CCFB29ACA929}.Debug|Any CPU.ActiveCfg = Debug|x86
		{68F34F0B-1C5C-4CFD-8E2C-CCFB29ACA929}.Debug|Any CPU.Build.0 = Debug|x86
		{68F34F0B-1C5C-4CFD-8E2C-CCFB29ACA929}.Debug|Mixed Platforms.ActiveCfg = Debug|x86
		{68F34F0B-1C5C-4CFD-8E2C-CCFB29ACA929}.Debug|Mixed Platforms.Build.0 = Debug|x86
		{68F34F0B-1C5C-4CFD-8E2C-CCFB29ACA929}.Debug|x86.ActiveCfg = Debug|x86
		{68F34F0B-1C5C-4CFD-8E2C-CCFB29ACA929}.Debug|x86.Build.0 = Debug|x86
		{68F34F0B-1C5C-4CFD-8E2C-CCFB29ACA929}.Release|Any CPU.ActiveCfg = Release|x86
		{68F34F0B-1C5C-4CFD-8E2C-CCFB29ACA929}.Release|Any CPU.Build.0 = Release|x86
		{68F34F0B-1C5C-4CFD-8E2C-CCFB29ACA929}.Release|Mixed Platforms.ActiveCfg = Release|x86
		{68F34F0B-1C5C-4CFD-8E2C-CCFB29ACA929}.Release|Mixed Platforms.Build.0 = Release|x86
		{68F34F0B-1C5C-4CFD-8E2C-CCFB29ACA929}.Release|x86.ActiveCfg = Release|x86
		{68F34F0B-1C5C-4CFD-8E2C-CCFB29ACA929}.Release|x86.Build.0 = Release|x86
		{0071E8E1-B68B-4624-81EB-D5C2CDDFD149}.Debug|Any CPU.ActiveCfg = Debug|Any CPU
		{0071E8E1-B68B-4624-81EB-D5C2CDDFD149}.Debug|Mixed Platforms.ActiveCfg = Debug|Any CPU
		{0071E8E1-B68B-4624-81EB-D5C2CDDFD149}.Debug|x86.ActiveCfg = Debug|Any CPU
		{0071E8E1-B68B-4624-81EB-D5C2CDDFD149}.Release|Any CPU.ActiveCfg = Debug|Any CPU
		{0071E8E1-B68B-4624-81EB-D5C2CDDFD149}.Release|Mixed Platforms.ActiveCfg = Debug|Any CPU
		{0071E8E1-B68B-4624-81EB-D5C2CDDFD149}.Release|x86.ActiveCfg = Debug|Any CPU
		{223C08DB-5E51-4D3C-A3D8-EAE0FC37E3FC}.Debug|Any CPU.ActiveCfg = Debug|x86
		{223C08DB-5E51-4D3C-A3D8-EAE0FC37E3FC}.Debug|Mixed Platforms.ActiveCfg = Debug|x86
		{223C08DB-5E51-4D3C-A3D8-EAE0FC37E3FC}.Debug|Mixed Platforms.Build.0 = Debug|x86
		{223C08DB-5E51-4D3C-A3D8-EAE0FC37E3FC}.Debug|x86.ActiveCfg = Debug|x86
		{223C08DB-5E51-4D3C-A3D8-EAE0FC37E3FC}.Debug|x86.Build.0 = Debug|x86
		{223C08DB-5E51-4D3C-A3D8-EAE0FC37E3FC}.Release|Any CPU.ActiveCfg = Release|x86
		{223C08DB-5E51-4D3C-A3D8-EAE0FC37E3FC}.Release|Mixed Platforms.ActiveCfg = Release|x86
		{223C08DB-5E51-4D3C-A3D8-EAE0FC37E3FC}.Release|Mixed Platforms.Build.0 = Release|x86
		{223C08DB-5E51-4D3C-A3D8-EAE0FC37E3FC}.Release|x86.ActiveCfg = Release|x86
		{223C08DB-5E51-4D3C-A3D8-EAE0FC37E3FC}.Release|x86.Build.0 = Release|x86
		{33E32467-EAB6-47F1-92F6-DAF75546CADB}.Debug|Any CPU.ActiveCfg = Debug|x86
		{33E32467-EAB6-47F1-92F6-DAF75546CADB}.Debug|Mixed Platforms.ActiveCfg = Debug|x86
		{33E32467-EAB6-47F1-92F6-DAF75546CADB}.Debug|Mixed Platforms.Build.0 = Debug|x86
		{33E32467-EAB6-47F1-92F6-DAF75546CADB}.Debug|x86.ActiveCfg = Debug|x86
		{33E32467-EAB6-47F1-92F6-DAF75546CADB}.Debug|x86.Build.0 = Debug|x86
		{33E32467-EAB6-47F1-92F6-DAF75546CADB}.Release|Any CPU.ActiveCfg = Release|x86
		{33E32467-EAB6-47F1-92F6-DAF75546CADB}.Release|Mixed Platforms.ActiveCfg = Release|x86
		{33E32467-EAB6-47F1-92F6-DAF75546CADB}.Release|Mixed Platforms.Build.0 = Release|x86
		{33E32467-EAB6-47F1-92F6-DAF75546CADB}.Release|x86.ActiveCfg = Release|x86
		{33E32467-EAB6-47F1-92F6-DAF75546CADB}.Release|x86.Build.0 = Release|x86
	EndGlobalSection
	GlobalSection(SolutionProperties) = preSolution
		HideSolutionNode = FALSE
	EndGlobalSection
EndGlobal
